
Microsoft Visual Studio Solution File, Format Version 12.00
# Visual Studio 14
VisualStudioVersion = 14.0.25420.1
MinimumVisualStudioVersion = 10.0.40219.1
Project("{FAE04EC0-301F-11D3-BF4B-00C04F79EFBC}") = "TopshelfTest", "TopshelfTest\TopshelfTest.csproj", "{9DD7B738-5819-4401-BB3F-F4EAF2D0F921}"
EndProject
Project("{FAE04EC0-301F-11D3-BF4B-00C04F79EFBC}") = "ITCC.HTTP.Server", "..\ITCC.Library\ITCC.HTTP.Server\ITCC.HTTP.Server.csproj", "{31655D62-7075-410F-923E-2F636CA67CC2}"
EndProject
Project("{FAE04EC0-301F-11D3-BF4B-00C04F79EFBC}") = "ITCC.HTTP.Common", "..\ITCC.Library\ITCC.HTTP.Common\ITCC.HTTP.Common.csproj", "{F863E912-CC9D-47C5-9EA0-A110961CF234}"
EndProject
Project("{FAE04EC0-301F-11D3-BF4B-00C04F79EFBC}") = "ITCC.HTTP.SslConfigUtil.Core", "..\ITCC.Library\ITCC.HTTP.SslConfigUtil.Core\ITCC.HTTP.SslConfigUtil.Core.csproj", "{01DE0C5B-72D2-4622-9636-4F9257BD59D2}"
EndProject
Project("{FAE04EC0-301F-11D3-BF4B-00C04F79EFBC}") = "ITCC.Logging.Windows", "..\ITCC.Library\ITCC.Logging.Windows\ITCC.Logging.Windows.csproj", "{BBC8B7E2-BFC2-4B03-BD01-5B6BD10649C1}"
EndProject
Project("{FAE04EC0-301F-11D3-BF4B-00C04F79EFBC}") = "ITCC.Logging.Core", "..\ITCC.Library\ITCC.Logging.Core\ITCC.Logging.Core.csproj", "{FC73DFCF-4D11-4400-BB98-5115CA2608E1}"
EndProject
Global
	GlobalSection(SolutionConfigurationPlatforms) = preSolution
		Debug|Any CPU = Debug|Any CPU
		Debug|x64 = Debug|x64
		Debug|x86 = Debug|x86
		Release|Any CPU = Release|Any CPU
		Release|x64 = Release|x64
		Release|x86 = Release|x86
	EndGlobalSection
	GlobalSection(ProjectConfigurationPlatforms) = postSolution
		{9DD7B738-5819-4401-BB3F-F4EAF2D0F921}.Debug|Any CPU.ActiveCfg = Debug|Any CPU
		{9DD7B738-5819-4401-BB3F-F4EAF2D0F921}.Debug|Any CPU.Build.0 = Debug|Any CPU
		{9DD7B738-5819-4401-BB3F-F4EAF2D0F921}.Debug|x64.ActiveCfg = Debug|Any CPU
		{9DD7B738-5819-4401-BB3F-F4EAF2D0F921}.Debug|x64.Build.0 = Debug|Any CPU
		{9DD7B738-5819-4401-BB3F-F4EAF2D0F921}.Debug|x86.ActiveCfg = Debug|Any CPU
		{9DD7B738-5819-4401-BB3F-F4EAF2D0F921}.Debug|x86.Build.0 = Debug|Any CPU
		{9DD7B738-5819-4401-BB3F-F4EAF2D0F921}.Release|Any CPU.ActiveCfg = Release|Any CPU
		{9DD7B738-5819-4401-BB3F-F4EAF2D0F921}.Release|Any CPU.Build.0 = Release|Any CPU
		{9DD7B738-5819-4401-BB3F-F4EAF2D0F921}.Release|x64.ActiveCfg = Release|Any CPU
		{9DD7B738-5819-4401-BB3F-F4EAF2D0F921}.Release|x64.Build.0 = Release|Any CPU
		{9DD7B738-5819-4401-BB3F-F4EAF2D0F921}.Release|x86.ActiveCfg = Release|Any CPU
		{9DD7B738-5819-4401-BB3F-F4EAF2D0F921}.Release|x86.Build.0 = Release|Any CPU
		{31655D62-7075-410F-923E-2F636CA67CC2}.Debug|Any CPU.ActiveCfg = Debug|Any CPU
		{31655D62-7075-410F-923E-2F636CA67CC2}.Debug|Any CPU.Build.0 = Debug|Any CPU
		{31655D62-7075-410F-923E-2F636CA67CC2}.Debug|x64.ActiveCfg = Debug|x64
		{31655D62-7075-410F-923E-2F636CA67CC2}.Debug|x64.Build.0 = Debug|x64
		{31655D62-7075-410F-923E-2F636CA67CC2}.Debug|x86.ActiveCfg = Debug|x86
		{31655D62-7075-410F-923E-2F636CA67CC2}.Debug|x86.Build.0 = Debug|x86
		{31655D62-7075-410F-923E-2F636CA67CC2}.Release|Any CPU.ActiveCfg = Release|Any CPU
		{31655D62-7075-410F-923E-2F636CA67CC2}.Release|Any CPU.Build.0 = Release|Any CPU
		{31655D62-7075-410F-923E-2F636CA67CC2}.Release|x64.ActiveCfg = Release|x64
		{31655D62-7075-410F-923E-2F636CA67CC2}.Release|x64.Build.0 = Release|x64
		{31655D62-7075-410F-923E-2F636CA67CC2}.Release|x86.ActiveCfg = Release|x86
		{31655D62-7075-410F-923E-2F636CA67CC2}.Release|x86.Build.0 = Release|x86
		{F863E912-CC9D-47C5-9EA0-A110961CF234}.Debug|Any CPU.ActiveCfg = Debug|Any CPU
		{F863E912-CC9D-47C5-9EA0-A110961CF234}.Debug|Any CPU.Build.0 = Debug|Any CPU
		{F863E912-CC9D-47C5-9EA0-A110961CF234}.Debug|x64.ActiveCfg = Debug|x64
		{F863E912-CC9D-47C5-9EA0-A110961CF234}.Debug|x64.Build.0 = Debug|x64
		{F863E912-CC9D-47C5-9EA0-A110961CF234}.Debug|x86.ActiveCfg = Debug|x86
		{F863E912-CC9D-47C5-9EA0-A110961CF234}.Debug|x86.Build.0 = Debug|x86
		{F863E912-CC9D-47C5-9EA0-A110961CF234}.Release|Any CPU.ActiveCfg = Release|Any CPU
		{F863E912-CC9D-47C5-9EA0-A110961CF234}.Release|Any CPU.Build.0 = Release|Any CPU
		{F863E912-CC9D-47C5-9EA0-A110961CF234}.Release|x64.ActiveCfg = Release|x64
		{F863E912-CC9D-47C5-9EA0-A110961CF234}.Release|x64.Build.0 = Release|x64
		{F863E912-CC9D-47C5-9EA0-A110961CF234}.Release|x86.ActiveCfg = Release|x86
		{F863E912-CC9D-47C5-9EA0-A110961CF234}.Release|x86.Build.0 = Release|x86
		{01DE0C5B-72D2-4622-9636-4F9257BD59D2}.Debug|Any CPU.ActiveCfg = Debug|Any CPU
		{01DE0C5B-72D2-4622-9636-4F9257BD59D2}.Debug|Any CPU.Build.0 = Debug|Any CPU
		{01DE0C5B-72D2-4622-9636-4F9257BD59D2}.Debug|x64.ActiveCfg = Debug|x64
		{01DE0C5B-72D2-4622-9636-4F9257BD59D2}.Debug|x64.Build.0 = Debug|x64
		{01DE0C5B-72D2-4622-9636-4F9257BD59D2}.Debug|x86.ActiveCfg = Debug|x86
		{01DE0C5B-72D2-4622-9636-4F9257BD59D2}.Debug|x86.Build.0 = Debug|x86
		{01DE0C5B-72D2-4622-9636-4F9257BD59D2}.Release|Any CPU.ActiveCfg = Release|Any CPU
		{01DE0C5B-72D2-4622-9636-4F9257BD59D2}.Release|Any CPU.Build.0 = Release|Any CPU
		{01DE0C5B-72D2-4622-9636-4F9257BD59D2}.Release|x64.ActiveCfg = Release|x64
		{01DE0C5B-72D2-4622-9636-4F9257BD59D2}.Release|x64.Build.0 = Release|x64
		{01DE0C5B-72D2-4622-9636-4F9257BD59D2}.Release|x86.ActiveCfg = Release|x86
		{01DE0C5B-72D2-4622-9636-4F9257BD59D2}.Release|x86.Build.0 = Release|x86
		{BBC8B7E2-BFC2-4B03-BD01-5B6BD10649C1}.Debug|Any CPU.ActiveCfg = Debug|Any CPU
		{BBC8B7E2-BFC2-4B03-BD01-5B6BD10649C1}.Debug|Any CPU.Build.0 = Debug|Any CPU
		{BBC8B7E2-BFC2-4B03-BD01-5B6BD10649C1}.Debug|x64.ActiveCfg = Debug|x64
		{BBC8B7E2-BFC2-4B03-BD01-5B6BD10649C1}.Debug|x64.Build.0 = Debug|x64
		{BBC8B7E2-BFC2-4B03-BD01-5B6BD10649C1}.Debug|x86.ActiveCfg = Debug|x86
		{BBC8B7E2-BFC2-4B03-BD01-5B6BD10649C1}.Debug|x86.Build.0 = Debug|x86
		{BBC8B7E2-BFC2-4B03-BD01-5B6BD10649C1}.Release|Any CPU.ActiveCfg = Release|Any CPU
		{BBC8B7E2-BFC2-4B03-BD01-5B6BD10649C1}.Release|Any CPU.Build.0 = Release|Any CPU
		{BBC8B7E2-BFC2-4B03-BD01-5B6BD10649C1}.Release|x64.ActiveCfg = Release|x64
		{BBC8B7E2-BFC2-4B03-BD01-5B6BD10649C1}.Release|x64.Build.0 = Release|x64
		{BBC8B7E2-BFC2-4B03-BD01-5B6BD10649C1}.Release|x86.ActiveCfg = Release|x86
		{BBC8B7E2-BFC2-4B03-BD01-5B6BD10649C1}.Release|x86.Build.0 = Release|x86
		{FC73DFCF-4D11-4400-BB98-5115CA2608E1}.Debug|Any CPU.ActiveCfg = Debug|Any CPU
		{FC73DFCF-4D11-4400-BB98-5115CA2608E1}.Debug|Any CPU.Build.0 = Debug|Any CPU
		{FC73DFCF-4D11-4400-BB98-5115CA2608E1}.Debug|x64.ActiveCfg = Debug|x64
		{FC73DFCF-4D11-4400-BB98-5115CA2608E1}.Debug|x64.Build.0 = Debug|x64
		{FC73DFCF-4D11-4400-BB98-5115CA2608E1}.Debug|x86.ActiveCfg = Debug|x86
		{FC73DFCF-4D11-4400-BB98-5115CA2608E1}.Debug|x86.Build.0 = Debug|x86
		{FC73DFCF-4D11-4400-BB98-5115CA2608E1}.Release|Any CPU.ActiveCfg = Release|Any CPU
		{FC73DFCF-4D11-4400-BB98-5115CA2608E1}.Release|Any CPU.Build.0 = Release|Any CPU
		{FC73DFCF-4D11-4400-BB98-5115CA2608E1}.Release|x64.ActiveCfg = Release|x64
		{FC73DFCF-4D11-4400-BB98-5115CA2608E1}.Release|x64.Build.0 = Release|x64
		{FC73DFCF-4D11-4400-BB98-5115CA2608E1}.Release|x86.ActiveCfg = Release|x86
		{FC73DFCF-4D11-4400-BB98-5115CA2608E1}.Release|x86.Build.0 = Release|x86
	EndGlobalSection
	GlobalSection(SolutionProperties) = preSolution
		HideSolutionNode = FALSE
	EndGlobalSection
EndGlobal
